
Microsoft Visual Studio Solution File, Format Version 12.00
# Visual Studio Version 16
VisualStudioVersion = 16.0.31321.278
MinimumVisualStudioVersion = 10.0.40219.1
Project("{FAE04EC0-301F-11D3-BF4B-00C04F79EFBC}") = "teste", "teste\teste.csproj", "{61EE13B9-62F6-4D7B-A6BD-A7EDE3B19CF8}"
EndProject
Global
	GlobalSection(SolutionConfigurationPlatforms) = preSolution
		Debug|Any CPU = Debug|Any CPU
		Release|Any CPU = Release|Any CPU
	EndGlobalSection
	GlobalSection(ProjectConfigurationPlatforms) = postSolution
		{61EE13B9-62F6-4D7B-A6BD-A7EDE3B19CF8}.Debug|Any CPU.ActiveCfg = Debug|Any CPU
		{61EE13B9-62F6-4D7B-A6BD-A7EDE3B19CF8}.Debug|Any CPU.Build.0 = Debug|Any CPU
		{61EE13B9-62F6-4D7B-A6BD-A7EDE3B19CF8}.Release|Any CPU.ActiveCfg = Release|Any CPU
		{61EE13B9-62F6-4D7B-A6BD-A7EDE3B19CF8}.Release|Any CPU.Build.0 = Release|Any CPU
	EndGlobalSection
	GlobalSection(SolutionProperties) = preSolution
		HideSolutionNode = FALSE
	EndGlobalSection
	GlobalSection(ExtensibilityGlobals) = postSolution
		SolutionGuid = {C39BC83B-F9BA-4AF3-9001-D3D972C1EF7A}
	EndGlobalSection
EndGlobal
